
Microsoft Visual Studio Solution File, Format Version 12.00
# Visual Studio Version 17
VisualStudioVersion = 17.5.002.0
MinimumVisualStudioVersion = 10.0.40219.1
Project("{2150E333-8FDC-42A3-9474-1A3956D46DE8}") = "src", "src", "{F2F60302-DBE4-4B78-BF52-279845CC3392}"
EndProject
Project("{2150E333-8FDC-42A3-9474-1A3956D46DE8}") = "Miscellaneous", "Miscellaneous", "{7CFD775A-EDCB-4196-B76D-1F8FA44F54C2}"
EndProject
Project("{2150E333-8FDC-42A3-9474-1A3956D46DE8}") = "src", "src", "{2CE223D8-645E-474F-B4F7-B815AA07D353}"
EndProject
Project("{2150E333-8FDC-42A3-9474-1A3956D46DE8}") = "Problems", "Problems", "{DD9C8539-33F4-47F4-B502-DA3C6835BDA9}"
EndProject
Project("{2150E333-8FDC-42A3-9474-1A3956D46DE8}") = "Coding", "Coding", "{2B63A3FA-7A4C-4136-ADB7-F5992B70D63F}"
EndProject
Project("{2150E333-8FDC-42A3-9474-1A3956D46DE8}") = "SeedRecordsPerBin", "SeedRecordsPerBin", "{D462B8D1-A3F5-4ED5-A772-BAA0E50B3CBA}"
EndProject
Project("{2150E333-8FDC-42A3-9474-1A3956D46DE8}") = "csharp", "csharp", "{8E93A0F9-AF70-492B-8BE2-B4B8E8D45D5D}"
EndProject
Project("{9A19103F-16F7-4668-BE54-9A1E7A4F7556}") = "Solution", "src\Miscellaneous\src\Problems\Coding\SeedRecordsPerBin\csharp\Solution\Solution.csproj", "{A382F1EF-D678-4F4A-B98A-5693F873AE55}"
EndProject
Project("{9A19103F-16F7-4668-BE54-9A1E7A4F7556}") = "SolutionTest", "src\Miscellaneous\src\Problems\Coding\SeedRecordsPerBin\csharp\SolutionTest\SolutionTest.csproj", "{5ACC1AD7-4AA0-4D20-9D25-7C724AC29B01}"
EndProject
Project("{2150E333-8FDC-42A3-9474-1A3956D46DE8}") = "TruckLoadingTotalWeight", "TruckLoadingTotalWeight", "{2F6589EB-EE0A-4EC8-B6F9-E50C9B946612}"
EndProject
Project("{2150E333-8FDC-42A3-9474-1A3956D46DE8}") = "csharp", "csharp", "{D3C0CBF9-5526-4CEB-A8A6-AAE6EFFBFAA1}"
EndProject
Project("{9A19103F-16F7-4668-BE54-9A1E7A4F7556}") = "Solution", "src\Miscellaneous\src\Problems\Coding\TruckLoadingTotalWeight\csharp\Solution\Solution.csproj", "{9E779AD2-033A-4927-BED9-40019BBBCD3A}"
EndProject
Project("{9A19103F-16F7-4668-BE54-9A1E7A4F7556}") = "SolutionTest", "src\Miscellaneous\src\Problems\Coding\TruckLoadingTotalWeight\csharp\SolutionTest\SolutionTest.csproj", "{E47C7695-9259-4BAF-BD3B-81A90A69E305}"
EndProject
Global
	GlobalSection(SolutionConfigurationPlatforms) = preSolution
		Debug|Any CPU = Debug|Any CPU
		Release|Any CPU = Release|Any CPU
	EndGlobalSection
	GlobalSection(ProjectConfigurationPlatforms) = postSolution
		{A382F1EF-D678-4F4A-B98A-5693F873AE55}.Debug|Any CPU.ActiveCfg = Debug|Any CPU
		{A382F1EF-D678-4F4A-B98A-5693F873AE55}.Debug|Any CPU.Build.0 = Debug|Any CPU
		{A382F1EF-D678-4F4A-B98A-5693F873AE55}.Release|Any CPU.ActiveCfg = Release|Any CPU
		{A382F1EF-D678-4F4A-B98A-5693F873AE55}.Release|Any CPU.Build.0 = Release|Any CPU
		{5ACC1AD7-4AA0-4D20-9D25-7C724AC29B01}.Debug|Any CPU.ActiveCfg = Debug|Any CPU
		{5ACC1AD7-4AA0-4D20-9D25-7C724AC29B01}.Debug|Any CPU.Build.0 = Debug|Any CPU
		{5ACC1AD7-4AA0-4D20-9D25-7C724AC29B01}.Release|Any CPU.ActiveCfg = Release|Any CPU
		{5ACC1AD7-4AA0-4D20-9D25-7C724AC29B01}.Release|Any CPU.Build.0 = Release|Any CPU
		{9E779AD2-033A-4927-BED9-40019BBBCD3A}.Debug|Any CPU.ActiveCfg = Debug|Any CPU
		{9E779AD2-033A-4927-BED9-40019BBBCD3A}.Debug|Any CPU.Build.0 = Debug|Any CPU
		{9E779AD2-033A-4927-BED9-40019BBBCD3A}.Release|Any CPU.ActiveCfg = Release|Any CPU
		{9E779AD2-033A-4927-BED9-40019BBBCD3A}.Release|Any CPU.Build.0 = Release|Any CPU
		{E47C7695-9259-4BAF-BD3B-81A90A69E305}.Debug|Any CPU.ActiveCfg = Debug|Any CPU
		{E47C7695-9259-4BAF-BD3B-81A90A69E305}.Debug|Any CPU.Build.0 = Debug|Any CPU
		{E47C7695-9259-4BAF-BD3B-81A90A69E305}.Release|Any CPU.ActiveCfg = Release|Any CPU
		{E47C7695-9259-4BAF-BD3B-81A90A69E305}.Release|Any CPU.Build.0 = Release|Any CPU
	EndGlobalSection
	GlobalSection(SolutionProperties) = preSolution
		HideSolutionNode = FALSE
	EndGlobalSection
	GlobalSection(NestedProjects) = preSolution
		{7CFD775A-EDCB-4196-B76D-1F8FA44F54C2} = {F2F60302-DBE4-4B78-BF52-279845CC3392}
		{2CE223D8-645E-474F-B4F7-B815AA07D353} = {7CFD775A-EDCB-4196-B76D-1F8FA44F54C2}
		{DD9C8539-33F4-47F4-B502-DA3C6835BDA9} = {2CE223D8-645E-474F-B4F7-B815AA07D353}
		{2B63A3FA-7A4C-4136-ADB7-F5992B70D63F} = {DD9C8539-33F4-47F4-B502-DA3C6835BDA9}
		{D462B8D1-A3F5-4ED5-A772-BAA0E50B3CBA} = {2B63A3FA-7A4C-4136-ADB7-F5992B70D63F}
		{8E93A0F9-AF70-492B-8BE2-B4B8E8D45D5D} = {D462B8D1-A3F5-4ED5-A772-BAA0E50B3CBA}
		{A382F1EF-D678-4F4A-B98A-5693F873AE55} = {8E93A0F9-AF70-492B-8BE2-B4B8E8D45D5D}
		{5ACC1AD7-4AA0-4D20-9D25-7C724AC29B01} = {8E93A0F9-AF70-492B-8BE2-B4B8E8D45D5D}
		{2F6589EB-EE0A-4EC8-B6F9-E50C9B946612} = {2B63A3FA-7A4C-4136-ADB7-F5992B70D63F}
		{D3C0CBF9-5526-4CEB-A8A6-AAE6EFFBFAA1} = {2F6589EB-EE0A-4EC8-B6F9-E50C9B946612}
		{9E779AD2-033A-4927-BED9-40019BBBCD3A} = {D3C0CBF9-5526-4CEB-A8A6-AAE6EFFBFAA1}
		{E47C7695-9259-4BAF-BD3B-81A90A69E305} = {D3C0CBF9-5526-4CEB-A8A6-AAE6EFFBFAA1}
	EndGlobalSection
	GlobalSection(ExtensibilityGlobals) = postSolution
		SolutionGuid = {E81703A5-1C05-4717-B2EB-8FBDA41EF929}
	EndGlobalSection
EndGlobal
